{
  "nodes": {
    "cachyos-kernel": {
      "flake": false,
      "locked": {
        "lastModified": 1781883168,
        "narHash": "sha256-raAojJGk0aWdscfFn/9ikZ6V5oUuAZcAz5kjAZ2QN3E=",
        "owner": "CachyOS",
        "repo": "linux-cachyos",
        "rev": "daed450e9b1a4fadfef68fb4fa5e2f3391fedb34",
        "type": "github"
      },
      "original": {
        "owner": "CachyOS",
        "repo": "linux-cachyos",
        "type": "github"
      }
    },
    "cachyos-kernel-patches": {
      "flake": false,
      "locked": {
        "lastModified": 1782242233,
        "narHash": "sha256-AUwTZq++PBq0qjDVFKqD0AZNNwa0b1RK41bM9XMbkW8=",
        "owner": "CachyOS",
        "repo": "kernel-patches",
        "rev": "19250dcc39862169961756c733b8a6ba77754c22",
        "type": "github"
      },
      "original": {
        "owner": "CachyOS",
        "repo": "kernel-patches",
        "type": "github"
      }
    },
    "disko": {
      "inputs": {
        "nixpkgs": [
          "nixpkgs"
        ]
      },
      "locked": {
        "lastModified": 1781152676,
        "narHash": "sha256-RxWs5ND31KzTG7wvMM+PMfUjyNpmIEr999lqNARaM5o=",
        "owner": "nix-community",
        "repo": "disko",
        "rev": "ff8702b4de27f72b4c78573dfb89ec74e36abdf1",
        "type": "github"
      },
      "original": {
        "owner": "nix-community",
        "repo": "disko",
        "type": "github"
      }
    },
    "flake-compat": {
      "flake": false,
      "locked": {
        "lastModified": 1767039857,
        "narHash": "sha256-vNpUSpF5Nuw8xvDLj2KCwwksIbjua2LZCqhV1LNRDns=",
        "owner": "NixOS",
        "repo": "flake-compat",
        "rev": "5edf11c44bc78a0d334f6334cdaf7d60d732daab",
        "type": "github"
      },
      "original": {
        "owner": "NixOS",
        "repo": "flake-compat",
        "type": "github"
      }
    },
    "flake-compat_2": {
      "flake": false,
      "locked": {
        "lastModified": 1751685974,
        "narHash": "sha256-NKw96t+BgHIYzHUjkTK95FqYRVKB8DHpVhefWSz/kTw=",
        "ref": "refs/heads/main",
        "rev": "549f2762aebeff29a2e5ece7a7dc0f955281a1d1",
        "revCount": 92,
        "type": "git",
        "url": "https://git.lix.systems/lix-project/flake-compat.git"
      },
      "original": {
        "type": "git",
        "url": "https://git.lix.systems/lix-project/flake-compat.git"
      }
    },
    "flake-parts": {
      "inputs": {
        "nixpkgs-lib": "nixpkgs-lib"
      },
      "locked": {
        "lastModified": 1778716662,
        "narHash": "sha256-m1Yf0wZ8j1OHjTc2UwHwyQRSnNeSgLJOd7q5Y45hzi4=",
        "owner": "hercules-ci",
        "repo": "flake-parts",
        "rev": "f7c1a2d347e4c52d5fb8d10cb4d94b5884e546fb",
        "type": "github"
      },
      "original": {
        "owner": "hercules-ci",
        "repo": "flake-parts",
        "type": "github"
      }
    },
    "flake-parts_2": {
      "inputs": {
        "nixpkgs-lib": [
          "nur",
          "nixpkgs"
        ]
      },
      "locked": {
        "lastModified": 1733312601,
        "narHash": "sha256-4pDvzqnegAfRkPwO3wmwBhVi/Sye1mzps0zHWYnP88c=",
        "owner": "hercules-ci",
        "repo": "flake-parts",
        "rev": "205b12d8b7cd4802fbcb8e8ef6a0f1408781a4f9",
        "type": "github"
      },
      "original": {
        "owner": "hercules-ci",
        "repo": "flake-parts",
        "type": "github"
      }
    },
    "flake-parts_3": {
      "inputs": {
        "nixpkgs-lib": [
          "nvf",
          "nvf",
          "nixpkgs"
        ]
      },
      "locked": {
        "lastModified": 1760948891,
        "narHash": "sha256-TmWcdiUUaWk8J4lpjzu4gCGxWY6/Ok7mOK4fIFfBuU4=",
        "owner": "hercules-ci",
        "repo": "flake-parts",
        "rev": "864599284fc7c0ba6357ed89ed5e2cd5040f0c04",
        "type": "github"
      },
      "original": {
        "owner": "hercules-ci",
        "repo": "flake-parts",
        "type": "github"
      }
    },
    "flake-utils": {
      "inputs": {
        "systems": [
          "systems"
        ]
      },
      "locked": {
        "lastModified": 1731533236,
        "narHash": "sha256-l0KFg5HjrsfsO/JpG+r7fRrqm12kzFHyUHqHCVpMMbI=",
        "owner": "numtide",
        "repo": "flake-utils",
        "rev": "11707dc2f618dd54ca8739b309ec4fc024de578b",
        "type": "github"
      },
      "original": {
        "owner": "numtide",
        "repo": "flake-utils",
        "type": "github"
      }
    },
    "flake-utils_2": {
      "inputs": {
        "systems": "systems_2"
      },
      "locked": {
        "lastModified": 1731533236,
        "narHash": "sha256-l0KFg5HjrsfsO/JpG+r7fRrqm12kzFHyUHqHCVpMMbI=",
        "owner": "numtide",
        "repo": "flake-utils",
        "rev": "11707dc2f618dd54ca8739b309ec4fc024de578b",
        "type": "github"
      },
      "original": {
        "owner": "numtide",
        "repo": "flake-utils",
        "type": "github"
      }
    },
    "glass": {
      "inputs": {
        "nixpkgs": "nixpkgs"
      },
      "locked": {
        "lastModified": 1777895052,
        "narHash": "sha256-9w3h3GKnBE89gD1mrWaS/88GqgXnW29+9lYbgO1w+xc=",
        "owner": "4v3ngR",
        "repo": "Glass",
        "rev": "2ec67bf2d28094d629bf3fe9bc55c7a8a393cfb1",
        "type": "github"
      },
      "original": {
        "owner": "4v3ngR",
        "repo": "Glass",
        "type": "github"
      }
    },
    "home-manager": {
      "inputs": {
        "nixpkgs": [
          "nixpkgs"
        ]
      },
      "locked": {
        "lastModified": 1782657028,
        "narHash": "sha256-PHTCpYZCMzJYS3phhywqRAZphKVr2zjvlGYa+H20ZZ4=",
        "owner": "nix-community",
        "repo": "home-manager",
        "rev": "4ad9aaae70c9aaab504127f926c0fa9cfbc2b365",
        "type": "github"
      },
      "original": {
        "owner": "nix-community",
        "repo": "home-manager",
        "type": "github"
      }
    },
    "kwin-effects-glass": {
      "inputs": {
        "nixpkgs": [
          "nixpkgs"
        ],
        "utils": "utils"
      },
      "locked": {
        "lastModified": 1782548523,
        "narHash": "sha256-GGrzOmxMXbE2hLsvDv0QdQHNyfaOQMsMY9VU88ZY+lY=",
        "owner": "4v3ngR",
        "repo": "kwin-effects-glass",
        "rev": "8b3b9524aa9e85cc7f87f1d674d00510a189ac60",
        "type": "github"
      },
      "original": {
        "owner": "4v3ngR",
        "repo": "kwin-effects-glass",
        "type": "github"
      }
    },
    "millennium": {
      "inputs": {
        "millennium-src": "millennium-src",
        "nixpkgs": "nixpkgs_2"
      },
      "locked": {
        "dir": "packages/nix",
        "lastModified": 1782487034,
        "narHash": "sha256-c4QtwBLHUL3dc0yDmoiQ+zTxI+xLWtwCcYL8YAatmOU=",
        "owner": "SteamClientHomebrew",
        "repo": "Millennium",
        "rev": "5e8f246c4ac68b8ac20456fe190dc2ce5850549b",
        "type": "github"
      },
      "original": {
        "dir": "packages/nix",
        "owner": "SteamClientHomebrew",
        "ref": "next",
        "repo": "Millennium",
        "type": "github"
      }
    },
    "millennium-src": {
      "flake": false,
      "locked": {
        "lastModified": 1782175707,
        "narHash": "sha256-nAgnski2c247PqLtcK3g5NER7hVj/zlCJd9CTb2lne4=",
        "owner": "SteamClientHomebrew",
        "repo": "Millennium",
        "rev": "5729ba4bb432a071a0276abb416b2c26d27afa71",
        "type": "github"
      },
      "original": {
        "owner": "SteamClientHomebrew",
        "repo": "Millennium",
        "rev": "5729ba4bb432a071a0276abb416b2c26d27afa71",
        "type": "github"
      }
    },
    "mnw": {
      "locked": {
        "lastModified": 1758834834,
        "narHash": "sha256-Y7IvY4F8vajZyp3WGf+KaiIVwondEkMFkt92Cr9NZmg=",
        "owner": "Gerg-L",
        "repo": "mnw",
        "rev": "cfbc7d1cc832e318d0863a5fc91d940a96034001",
        "type": "github"
      },
      "original": {
        "owner": "Gerg-L",
        "repo": "mnw",
        "type": "github"
      }
    },
    "nix-cachyos-kernel": {
      "inputs": {
        "cachyos-kernel": "cachyos-kernel",
        "cachyos-kernel-patches": "cachyos-kernel-patches",
        "flake-compat": "flake-compat",
        "flake-parts": "flake-parts",
        "nixpkgs": "nixpkgs_3"
      },
      "locked": {
        "lastModified": 1782415778,
        "narHash": "sha256-Qts73QQA+lADfxWjonL3Q1JcZssVZPsQI38L3qZyS0o=",
        "owner": "xddxdd",
        "repo": "nix-cachyos-kernel",
        "rev": "1740ec90e7b07730c212a3a1ff5e71af08a5270b",
        "type": "github"
      },
      "original": {
        "owner": "xddxdd",
        "ref": "release",
        "repo": "nix-cachyos-kernel",
        "type": "github"
      }
    },
    "nix-flatpak": {
      "locked": {
        "lastModified": 1780908363,
        "narHash": "sha256-llGS4y3Qh1eUkli3/Y2VY9FV3GOUKFZR1E2BDftt45Q=",
        "owner": "gmodena",
        "repo": "nix-flatpak",
        "rev": "1df08625f0f8c7d6e300a0e5df7955bbb877d809",
        "type": "github"
      },
      "original": {
        "owner": "gmodena",
        "repo": "nix-flatpak",
        "type": "github"
      }
    },
    "nixpkgs": {
      "locked": {
        "lastModified": 1743095683,
        "narHash": "sha256-gWd4urRoLRe8GLVC/3rYRae1h+xfQzt09xOfb0PaHSk=",
        "owner": "NixOS",
        "repo": "nixpkgs",
        "rev": "5e5402ecbcb27af32284d4a62553c019a3a49ea6",
        "type": "github"
      },
      "original": {
        "owner": "NixOS",
        "ref": "nixos-unstable",
        "repo": "nixpkgs",
        "type": "github"
      }
    },
    "nixpkgs-lib": {
      "locked": {
        "lastModified": 1777168982,
        "narHash": "sha256-GOkGPcboWE9BmGCRMLX3worL4EMnsnG8MyKmXNeYuhQ=",
        "owner": "nix-community",
        "repo": "nixpkgs.lib",
        "rev": "f5901329dade4a6ea039af1433fb087bd9c1fe14",
        "type": "github"
      },
      "original": {
        "owner": "nix-community",
        "repo": "nixpkgs.lib",
        "type": "github"
      }
    },
    "nixpkgs_2": {
      "locked": {
        "lastModified": 1781577229,
        "narHash": "sha256-lrp67w8AulE9Ks53n27I45ADSzbOCn4H+CNW1Ck8B+8=",
        "owner": "nixos",
        "repo": "nixpkgs",
        "rev": "567a49d1913ce81ac6e9582e3553dd90a955875f",
        "type": "github"
      },
      "original": {
        "owner": "nixos",
        "repo": "nixpkgs",
        "rev": "567a49d1913ce81ac6e9582e3553dd90a955875f",
        "type": "github"
      }
    },
    "nixpkgs_3": {
      "locked": {
        "lastModified": 1782378976,
        "narHash": "sha256-UqQgBlQATXM3aBvzTRE/1wxHrCdKg5/ePlXfG/7Eqd8=",
        "owner": "NixOS",
        "repo": "nixpkgs",
        "rev": "5df71f3d167f0aad71658608361c1301147b9eb6",
        "type": "github"
      },
      "original": {
        "owner": "NixOS",
        "ref": "nixos-unstable-small",
        "repo": "nixpkgs",
        "type": "github"
      }
    },
    "nixpkgs_4": {
      "locked": {
        "lastModified": 1782467914,
        "narHash": "sha256-pGvFkM8N0xEkIIXDe5YYfbEAvHrk4IxBrjB/x8OomhE=",
        "owner": "NixOS",
        "repo": "nixpkgs",
        "rev": "e73de5be04e0eff4190a1432b946d469c794e7b4",
        "type": "github"
      },
      "original": {
        "owner": "NixOS",
        "ref": "nixos-unstable",
        "repo": "nixpkgs",
        "type": "github"
      }
    },
    "nixpkgs_5": {
      "locked": {
        "lastModified": 1761880412,
        "narHash": "sha256-QoJjGd4NstnyOG4mm4KXF+weBzA2AH/7gn1Pmpfcb0A=",
        "owner": "nixos",
        "repo": "nixpkgs",
        "rev": "a7fc11be66bdfb5cdde611ee5ce381c183da8386",
        "type": "github"
      },
      "original": {
        "owner": "nixos",
        "ref": "nixpkgs-unstable",
        "repo": "nixpkgs",
        "type": "github"
      }
    },
    "nixpkgs_6": {
      "locked": {
        "lastModified": 1782467914,
        "narHash": "sha256-inDx/w70OSJoJPqtKh0BrzAsbZZhpya7YgS43jHnhwg=",
        "rev": "e73de5be04e0eff4190a1432b946d469c794e7b4",
        "type": "tarball",
        "url": "https://releases.nixos.org/nixos/unstable/nixos-26.11pre1022855.e73de5be04e0/nixexprs.tar.xz"
      },
      "original": {
        "type": "tarball",
        "url": "https://channels.nixos.org/nixos-unstable/nixexprs.tar.xz"
      }
    },
    "nur": {
      "inputs": {
        "flake-parts": "flake-parts_2",
        "nixpkgs": [
          "nixpkgs"
        ]
      },
      "locked": {
        "lastModified": 1782660551,
        "narHash": "sha256-gCW4wt/awuH0MDtvL3dr6fG8I8gqR57aZB9ATwif6is=",
        "owner": "nix-community",
        "repo": "NUR",
        "rev": "123494e86ecaaadd30bf363e93e8b0284d493906",
        "type": "github"
      },
      "original": {
        "owner": "nix-community",
        "repo": "NUR",
        "type": "github"
      }
    },
    "nvf": {
      "inputs": {
        "flake-utils": "flake-utils_2",
        "nixpkgs": [
          "nixpkgs"
        ],
        "nvf": "nvf_2"
      },
      "locked": {
        "lastModified": 1768327085,
        "narHash": "sha256-y0poMIRxsqGGHYZKaCT3x6C8D6RaZfrId9pxxprEcaE=",
        "owner": "mana-byte",
        "repo": "nvf-configuration",
        "rev": "3f059f18da4cd42e39e11402302115287e5792c7",
        "type": "github"
      },
      "original": {
        "owner": "mana-byte",
        "repo": "nvf-configuration",
        "type": "github"
      }
    },
    "nvf_2": {
      "inputs": {
        "flake-compat": "flake-compat_2",
        "flake-parts": "flake-parts_3",
        "mnw": "mnw",
        "nixpkgs": "nixpkgs_5",
        "systems": "systems_3"
      },
      "locked": {
        "lastModified": 1765119282,
        "narHash": "sha256-iI0fuBBYJMnOprGD2L+rum2P8lHMcZ5n35hzdlpwayI=",
        "owner": "notashelf",
        "repo": "nvf",
        "rev": "26c4a7e3c33e739d474ddaf52aa4c5f3d11922ba",
        "type": "github"
      },
      "original": {
        "owner": "notashelf",
        "repo": "nvf",
        "type": "github"
      }
    },
    "root": {
      "inputs": {
        "disko": "disko",
        "flake-utils": "flake-utils",
        "glass": "glass",
        "home-manager": "home-manager",
        "kwin-effects-glass": "kwin-effects-glass",
        "millennium": "millennium",
        "nix-cachyos-kernel": "nix-cachyos-kernel",
        "nix-flatpak": "nix-flatpak",
        "nixpkgs": "nixpkgs_4",
        "nur": "nur",
        "nvf": "nvf",
        "spicetify-nix": "spicetify-nix",
        "systems": "systems_5",
        "zen-browser": "zen-browser"
      }
    },
    "spicetify-nix": {
      "inputs": {
        "nixpkgs": "nixpkgs_6",
        "systems": "systems_4"
      },
      "locked": {
        "lastModified": 1782633406,
        "narHash": "sha256-JOSMk12GgnTLVlUSCuKkqyUF6cw82wl7t7e1WuFfg5s=",
        "owner": "Gerg-L",
        "repo": "spicetify-nix",
        "rev": "5ff9a6ca9dcbad7cccea2c97d30237468b16feda",
        "type": "github"
      },
      "original": {
        "owner": "Gerg-L",
        "repo": "spicetify-nix",
        "type": "github"
      }
    },
    "systems": {
      "locked": {
        "lastModified": 1681028828,
        "narHash": "sha256-Vy1rq5AaRuLzOxct8nz4T6wlgyUR7zLU309k9mBC768=",
        "owner": "nix-systems",
        "repo": "default",
        "rev": "da67096a3b9bf56a91d16901293e51ba5b49a27e",
        "type": "github"
      },
      "original": {
        "owner": "nix-systems",
        "repo": "default",
        "type": "github"
      }
    },
    "systems_2": {
      "locked": {
        "lastModified": 1681028828,
        "narHash": "sha256-Vy1rq5AaRuLzOxct8nz4T6wlgyUR7zLU309k9mBC768=",
        "owner": "nix-systems",
        "repo": "default",
        "rev": "da67096a3b9bf56a91d16901293e51ba5b49a27e",
        "type": "github"
      },
      "original": {
        "owner": "nix-systems",
        "repo": "default",
        "type": "github"
      }
    },
    "systems_3": {
      "locked": {
        "lastModified": 1681028828,
        "narHash": "sha256-Vy1rq5AaRuLzOxct8nz4T6wlgyUR7zLU309k9mBC768=",
        "owner": "nix-systems",
        "repo": "default",
        "rev": "da67096a3b9bf56a91d16901293e51ba5b49a27e",
        "type": "github"
      },
      "original": {
        "owner": "nix-systems",
        "repo": "default",
        "type": "github"
      }
    },
    "systems_4": {
      "locked": {
        "lastModified": 1681028828,
        "narHash": "sha256-Vy1rq5AaRuLzOxct8nz4T6wlgyUR7zLU309k9mBC768=",
        "owner": "nix-systems",
        "repo": "default",
        "rev": "da67096a3b9bf56a91d16901293e51ba5b49a27e",
        "type": "github"
      },
      "original": {
        "owner": "nix-systems",
        "repo": "default",
        "type": "github"
      }
    },
    "systems_5": {
      "locked": {
        "lastModified": 1680978846,
        "narHash": "sha256-Gtqg8b/v49BFDpDetjclCYXm8mAnTrUzR0JnE2nv5aw=",
        "owner": "nix-systems",
        "repo": "x86_64-linux",
        "rev": "2ecfcac5e15790ba6ce360ceccddb15ad16d08a8",
        "type": "github"
      },
      "original": {
        "owner": "nix-systems",
        "repo": "x86_64-linux",
        "type": "github"
      }
    },
    "utils": {
      "inputs": {
        "systems": "systems"
      },
      "locked": {
        "lastModified": 1731533236,
        "narHash": "sha256-l0KFg5HjrsfsO/JpG+r7fRrqm12kzFHyUHqHCVpMMbI=",
        "owner": "numtide",
        "repo": "flake-utils",
        "rev": "11707dc2f618dd54ca8739b309ec4fc024de578b",
        "type": "github"
      },
      "original": {
        "owner": "numtide",
        "repo": "flake-utils",
        "type": "github"
      }
    },
    "zen-browser": {
      "inputs": {
        "home-manager": [
          "home-manager"
        ],
        "nixpkgs": [
          "nixpkgs"
        ]
      },
      "locked": {
        "lastModified": 1782623843,
        "narHash": "sha256-zQdTvI8jcVfblsrWafw1ykTnCVoV94ttxb5e6drwVaI=",
        "owner": "0xc000022070",
        "repo": "zen-browser-flake",
        "rev": "c59e57b9c6ea4c86f9f3b7efc92db3cbd305d078",
        "type": "github"
      },
      "original": {
        "owner": "0xc000022070",
        "repo": "zen-browser-flake",
        "type": "github"
      }
    }
  },
  "root": "root",
  "version": 7
}
